
Microsoft Visual Studio Solution File, Format Version 12.00
# Visual Studio 14
VisualStudioVersion = 14.0.25420.1
MinimumVisualStudioVersion = 10.0.40219.1
Project("{2150E333-8FDC-42A3-9474-1A3956D46DE8}") = "Basics", "Basics", "{8605126A-BCE6-4D2F-AD28-A9D1F16F47BC}"
EndProject
Project("{8BB2217D-0F2D-49D1-97BC-3654ED321F3B}") = "Connecting", "Basics\Connecting\Connecting.xproj", "{6CD591F8-9DF8-4F10-966A-FCEA8B338348}"
EndProject
Project("{8BB2217D-0F2D-49D1-97BC-3654ED321F3B}") = "PublishSubscribe", "Basics\PublishSubscribe\PublishSubscribe.xproj", "{C2CBFACE-EFC9-4C77-8A88-71A5CBE28634}"
EndProject
Project("{8BB2217D-0F2D-49D1-97BC-3654ED321F3B}") = "RequestResponse", "Basics\RequestResponse\RequestResponse.xproj", "{A7D054B7-0540-4D2C-AB9D-D599AF4CAA23}"
EndProject
Project("{8BB2217D-0F2D-49D1-97BC-3654ED321F3B}") = "SendReceive", "Basics\SendReceive\SendReceive.xproj", "{F70FB86C-2626-458A-987D-9B246BAB8EC0}"
EndProject
Project("{8BB2217D-0F2D-49D1-97BC-3654ED321F3B}") = "TopicBasedRouting", "Basics\TopicBasedRouting\TopicBasedRouting.xproj", "{6E38C95C-8F5F-41B1-B28A-BC672B67B512}"
EndProject
Project("{2150E333-8FDC-42A3-9474-1A3956D46DE8}") = "Logging", "Logging", "{67BE6576-39C7-4110-9DD7-68F779A9E665}"
EndProject
Project("{8BB2217D-0F2D-49D1-97BC-3654ED321F3B}") = "Caller", "Logging\Caller\Caller.xproj", "{D6C9CE41-8932-45F3-A6B0-9FAE8306E140}"
EndProject
Project("{8BB2217D-0F2D-49D1-97BC-3654ED321F3B}") = "Contacts", "Logging\Contacts\Contacts.xproj", "{E4D0DA3E-5CE5-4FBB-908F-A52AF1F6386D}"
EndProject
Project("{8BB2217D-0F2D-49D1-97BC-3654ED321F3B}") = "WebLogger", "Logging\WebLogger\WebLogger.xproj", "{4AC57E9D-D6D6-4338-92E6-7595989769E2}"
EndProject
Project("{2150E333-8FDC-42A3-9474-1A3956D46DE8}") = "Advanced", "Advanced", "{6C68CD26-92B7-46FD-A448-C7E491A8E845}"
EndProject
Project("{8BB2217D-0F2D-49D1-97BC-3654ED321F3B}") = "ConsoleListener", "Logging\ConsoleListener\ConsoleListener.xproj", "{B7EE463A-240D-4CE2-9232-61681ECA9A51}"
EndProject
Global
	GlobalSection(SolutionConfigurationPlatforms) = preSolution
		Debug|Any CPU = Debug|Any CPU
		Release|Any CPU = Release|Any CPU
	EndGlobalSection
	GlobalSection(ProjectConfigurationPlatforms) = postSolution
		{6CD591F8-9DF8-4F10-966A-FCEA8B338348}.Debug|Any CPU.ActiveCfg = Debug|Any CPU
		{6CD591F8-9DF8-4F10-966A-FCEA8B338348}.Debug|Any CPU.Build.0 = Debug|Any CPU
		{6CD591F8-9DF8-4F10-966A-FCEA8B338348}.Release|Any CPU.ActiveCfg = Release|Any CPU
		{6CD591F8-9DF8-4F10-966A-FCEA8B338348}.Release|Any CPU.Build.0 = Release|Any CPU
		{C2CBFACE-EFC9-4C77-8A88-71A5CBE28634}.Debug|Any CPU.ActiveCfg = Debug|Any CPU
		{C2CBFACE-EFC9-4C77-8A88-71A5CBE28634}.Debug|Any CPU.Build.0 = Debug|Any CPU
		{C2CBFACE-EFC9-4C77-8A88-71A5CBE28634}.Release|Any CPU.ActiveCfg = Release|Any CPU
		{C2CBFACE-EFC9-4C77-8A88-71A5CBE28634}.Release|Any CPU.Build.0 = Release|Any CPU
		{A7D054B7-0540-4D2C-AB9D-D599AF4CAA23}.Debug|Any CPU.ActiveCfg = Debug|Any CPU
		{A7D054B7-0540-4D2C-AB9D-D599AF4CAA23}.Debug|Any CPU.Build.0 = Debug|Any CPU
		{A7D054B7-0540-4D2C-AB9D-D599AF4CAA23}.Release|Any CPU.ActiveCfg = Release|Any CPU
		{A7D054B7-0540-4D2C-AB9D-D599AF4CAA23}.Release|Any CPU.Build.0 = Release|Any CPU
		{F70FB86C-2626-458A-987D-9B246BAB8EC0}.Debug|Any CPU.ActiveCfg = Debug|Any CPU
		{F70FB86C-2626-458A-987D-9B246BAB8EC0}.Debug|Any CPU.Build.0 = Debug|Any CPU
		{F70FB86C-2626-458A-987D-9B246BAB8EC0}.Release|Any CPU.ActiveCfg = Release|Any CPU
		{F70FB86C-2626-458A-987D-9B246BAB8EC0}.Release|Any CPU.Build.0 = Release|Any CPU
		{6E38C95C-8F5F-41B1-B28A-BC672B67B512}.Debug|Any CPU.ActiveCfg = Debug|Any CPU
		{6E38C95C-8F5F-41B1-B28A-BC672B67B512}.Debug|Any CPU.Build.0 = Debug|Any CPU
		{6E38C95C-8F5F-41B1-B28A-BC672B67B512}.Release|Any CPU.ActiveCfg = Release|Any CPU
		{6E38C95C-8F5F-41B1-B28A-BC672B67B512}.Release|Any CPU.Build.0 = Release|Any CPU
		{D6C9CE41-8932-45F3-A6B0-9FAE8306E140}.Debug|Any CPU.ActiveCfg = Debug|Any CPU
		{D6C9CE41-8932-45F3-A6B0-9FAE8306E140}.Debug|Any CPU.Build.0 = Debug|Any CPU
		{D6C9CE41-8932-45F3-A6B0-9FAE8306E140}.Release|Any CPU.ActiveCfg = Release|Any CPU
		{D6C9CE41-8932-45F3-A6B0-9FAE8306E140}.Release|Any CPU.Build.0 = Release|Any CPU
		{E4D0DA3E-5CE5-4FBB-908F-A52AF1F6386D}.Debug|Any CPU.ActiveCfg = Debug|Any CPU
		{E4D0DA3E-5CE5-4FBB-908F-A52AF1F6386D}.Debug|Any CPU.Build.0 = Debug|Any CPU
		{E4D0DA3E-5CE5-4FBB-908F-A52AF1F6386D}.Release|Any CPU.ActiveCfg = Release|Any CPU
		{E4D0DA3E-5CE5-4FBB-908F-A52AF1F6386D}.Release|Any CPU.Build.0 = Release|Any CPU
		{4AC57E9D-D6D6-4338-92E6-7595989769E2}.Debug|Any CPU.ActiveCfg = Debug|Any CPU
		{4AC57E9D-D6D6-4338-92E6-7595989769E2}.Debug|Any CPU.Build.0 = Debug|Any CPU
		{4AC57E9D-D6D6-4338-92E6-7595989769E2}.Release|Any CPU.ActiveCfg = Release|Any CPU
		{4AC57E9D-D6D6-4338-92E6-7595989769E2}.Release|Any CPU.Build.0 = Release|Any CPU
		{B7EE463A-240D-4CE2-9232-61681ECA9A51}.Debug|Any CPU.ActiveCfg = Debug|Any CPU
		{B7EE463A-240D-4CE2-9232-61681ECA9A51}.Debug|Any CPU.Build.0 = Debug|Any CPU
		{B7EE463A-240D-4CE2-9232-61681ECA9A51}.Release|Any CPU.ActiveCfg = Release|Any CPU
		{B7EE463A-240D-4CE2-9232-61681ECA9A51}.Release|Any CPU.Build.0 = Release|Any CPU
	EndGlobalSection
	GlobalSection(SolutionProperties) = preSolution
		HideSolutionNode = FALSE
	EndGlobalSection
	GlobalSection(NestedProjects) = preSolution
		{6CD591F8-9DF8-4F10-966A-FCEA8B338348} = {8605126A-BCE6-4D2F-AD28-A9D1F16F47BC}
		{C2CBFACE-EFC9-4C77-8A88-71A5CBE28634} = {8605126A-BCE6-4D2F-AD28-A9D1F16F47BC}
		{A7D054B7-0540-4D2C-AB9D-D599AF4CAA23} = {8605126A-BCE6-4D2F-AD28-A9D1F16F47BC}
		{F70FB86C-2626-458A-987D-9B246BAB8EC0} = {8605126A-BCE6-4D2F-AD28-A9D1F16F47BC}
		{6E38C95C-8F5F-41B1-B28A-BC672B67B512} = {8605126A-BCE6-4D2F-AD28-A9D1F16F47BC}
		{D6C9CE41-8932-45F3-A6B0-9FAE8306E140} = {67BE6576-39C7-4110-9DD7-68F779A9E665}
		{E4D0DA3E-5CE5-4FBB-908F-A52AF1F6386D} = {67BE6576-39C7-4110-9DD7-68F779A9E665}
		{4AC57E9D-D6D6-4338-92E6-7595989769E2} = {67BE6576-39C7-4110-9DD7-68F779A9E665}
		{B7EE463A-240D-4CE2-9232-61681ECA9A51} = {67BE6576-39C7-4110-9DD7-68F779A9E665}
	EndGlobalSection
EndGlobal
